<?xml version="1.0" encoding="utf-8"?>
<Project ToolsVersion="4.0" xmlns="http://schemas.microsoft.com/developer/msbuild/2003">
  <ItemGroup>
    <Filter Include="Source Files">
      <UniqueIdentifier>{4FC737F1-C7A5-4376-A066-2A32D752A2FF}</UniqueIdentifier>
      <Extensions>cpp;c;cc;cxx;c++;cppm;ixx;def;odl;idl;hpj;bat;asm;asmx</Extensions>
    </Filter>
    <Filter Include="Header Files">
      <UniqueIdentifier>{93995380-89BD-4b04-88EB-625FBE52EBFB}</UniqueIdentifier>
      <Extensions>h;hh;hpp;hxx;h++;hm;inl;inc;ipp;xsd</Extensions>
    </Filter>
    <Filter Include="Resource Files">
      <UniqueIdentifier>{67DA6AB6-F800-4c08-8B7A-83BB121AAD01}</UniqueIdentifier>
      <Extensions>rc;ico;cur;bmp;dlg;rc2;rct;bin;rgs;gif;jpg;jpeg;jpe;resx;tiff;tif;png;wav;mfcribbon-ms</Extensions>
    </Filter>
  </ItemGroup>
  <ItemGroup>
    <ClInclude Include="jni.h">
      <Filter>Header Files</Filter>
    </ClInclude>
    <ClInclude Include="pch.h">
      <Filter>Header Files</Filter>
    </ClInclude>
    <ClInclude Include="src\Cheat\Hack.h">
      <Filter>Header Files</Filter>
    </ClInclude>
    <ClInclude Include="src\Cheat\Config.h">
      <Filter>Header Files</Filter>
    </ClInclude>
    <ClInclude Include="src\Cheat\Hooks\wglSwapBuffers.h">
      <Filter>Header Files</Filter>
    </ClInclude>
    <ClInclude Include="src\Cheat\Hooks\WSA.h">
      <Filter>Header Files</Filter>
    </ClInclude>
    <ClInclude Include="src\Cheat\Modules\Module.h">
      <Filter>Header Files</Filter>
    </ClInclude>
    <ClInclude Include="src\Cheat\Modules\Settings.h">
      <Filter>Header Files</Filter>
    </ClInclude>
    <ClInclude Include="src\Cheat\Modules\Combat\clicker.h">
      <Filter>Header Files</Filter>
    </ClInclude>
    <ClInclude Include="src\Cheat\Modules\Combat\aimassist.h">
      <Filter>Header Files</Filter>
    </ClInclude>
    <ClInclude Include="src\Cheat\Modules\Combat\velocity.h">
      <Filter>Header Files</Filter>
    </ClInclude>
    <ClInclude Include="src\Cheat\Modules\Misc\armor.h">
      <Filter>Header Files</Filter>
    </ClInclude>
    <ClInclude Include="src\Cheat\Modules\Misc\Scroll.h">
      <Filter>Header Files</Filter>
    </ClInclude>
    <ClInclude Include="src\Cheat\Modules\Visuals\arraylist.h">
      <Filter>Header Files</Filter>
    </ClInclude>
    <ClInclude Include="src\Cheat\Modules\Visuals\Chams.h">
      <Filter>Header Files</Filter>
    </ClInclude>
    <ClInclude Include="src\Cheat\Modules\Visuals\Esp.h">
      <Filter>Header Files</Filter>
    </ClInclude>
    <ClInclude Include="src\Cheat\Modules\Visuals\ItemEsp.h">
      <Filter>Header Files</Filter>
    </ClInclude>
    <ClInclude Include="src\Cheat\Modules\Visuals\PlayerEsp.h">
      <Filter>Header Files</Filter>
    </ClInclude>
    <ClInclude Include="src\Cheat\Modules\Visuals\StorageEsp.h">
      <Filter>Header Files</Filter>
    </ClInclude>
    <ClInclude Include="src\Cheat\Modules\Visuals\BlockEsp.h">
      <Filter>Header Files</Filter>
    </ClInclude>
    <ClInclude Include="src\Cheat\Modules\Visuals\Nametag.h">
      <Filter>Header Files</Filter>
    </ClInclude>
    <ClInclude Include="src\Cheat\Modules\Visuals\Tracer.h">
      <Filter>Header Files</Filter>
    </ClInclude>
    <ClInclude Include="src\Cheat\Modules\Visuals\Trajectories.h">
      <Filter>Header Files</Filter>
    </ClInclude>
    <ClInclude Include="src\Game\Field.h">
      <Filter>Header Files</Filter>
    </ClInclude>
    <ClInclude Include="src\Game\Klass.h">
      <Filter>Header Files</Filter>
    </ClInclude>
    <ClInclude Include="src\Game\Mapper.h">
      <Filter>Header Files</Filter>
    </ClInclude>
    <ClInclude Include="src\Game\Method.h">
      <Filter>Header Files</Filter>
    </ClInclude>
    <ClInclude Include="src\Game\Classes\ActiveRenderInfo.h">
      <Filter>Header Files</Filter>
    </ClInclude>
    <ClInclude Include="src\Game\Classes\AxisAlignedBB.h">
      <Filter>Header Files</Filter>
    </ClInclude>
    <ClInclude Include="src\Game\Classes\Block.h">
      <Filter>Header Files</Filter>
    </ClInclude>
    <ClInclude Include="src\Game\Classes\BlockPos.h">
      <Filter>Header Files</Filter>
    </ClInclude>
    <ClInclude Include="src\Game\Classes\FontRenderer.h">
      <Filter>Header Files</Filter>
    </ClInclude>
    <ClInclude Include="src\Game\Classes\GameSettings.h">
      <Filter>Header Files</Filter>
    </ClInclude>
    <ClInclude Include="src\Game\Classes\Gui.h">
      <Filter>Header Files</Filter>
    </ClInclude>
    <ClInclude Include="src\Game\Classes\GuiScreen.h">
      <Filter>Header Files</Filter>
    </ClInclude>
    <ClInclude Include="src\Game\Classes\InventoryPlayer.h">
      <Filter>Header Files</Filter>
    </ClInclude>
    <ClInclude Include="src\Game\Classes\ItemStack.h">
      <Filter>Header Files</Filter>
    </ClInclude>
    <ClInclude Include="src\Game\Classes\KeyBinding.h">
      <Filter>Header Files</Filter>
    </ClInclude>
    <ClInclude Include="src\Game\Classes\Minecraft.h">
      <Filter>Header Files</Filter>
    </ClInclude>
    <ClInclude Include="src\Game\Classes\MovingObjectPosition.h">
      <Filter>Header Files</Filter>
    </ClInclude>
    <ClInclude Include="src\Game\Classes\Player.h">
      <Filter>Header Files</Filter>
    </ClInclude>
    <ClInclude Include="src\Game\Classes\RenderManager.h">
      <Filter>Header Files</Filter>
    </ClInclude>
    <ClInclude Include="src\Game\Classes\Timer.h">
      <Filter>Header Files</Filter>
    </ClInclude>
    <ClInclude Include="src\Game\Classes\World.h">
      <Filter>Header Files</Filter>
    </ClInclude>
    <ClInclude Include="src\Helper\Communication.h">
      <Filter>Header Files</Filter>
    </ClInclude>
    <ClInclude Include="src\Helper\HookFunction.h">
      <Filter>Header Files</Filter>
    </ClInclude>
    <ClInclude Include="src\Helper\Memory.h">
      <Filter>Header Files</Filter>
    </ClInclude>
    <ClInclude Include="src\Helper\Utils.h">
      <Filter>Header Files</Filter>
    </ClInclude>
    <ClInclude Include="src\Helper\Vec2.h">
      <Filter>Header Files</Filter>
    </ClInclude>
    <ClInclude Include="src\Helper\Vec3.h">
      <Filter>Header Files</Filter>
    </ClInclude>
    <ClInclude Include="src\Helper\Vec4.h">
      <Filter>Header Files</Filter>
    </ClInclude>
    <ClInclude Include="src\Cheat\Modules\Combat\JNIMemory.h">
      <Filter>Header Files</Filter>
    </ClInclude>
    <ClInclude Include="src\Cheat\Modules\Misc\Overlay.h">
      <Filter>Header Files</Filter>
    </ClInclude>
    <ClInclude Include="vendors\imgui\imconfig.h">
      <Filter>Header Files</Filter>
    </ClInclude>
    <ClInclude Include="vendors\imgui\imgui.h">
      <Filter>Header Files</Filter>
    </ClInclude>
    <ClInclude Include="vendors\imgui\imgui_impl_opengl2.h">
      <Filter>Header Files</Filter>
    </ClInclude>
    <ClInclude Include="vendors\imgui\imgui_internal.h">
      <Filter>Header Files</Filter>
    </ClInclude>
    <ClInclude Include="vendors\imgui\imstb_rectpack.h">
      <Filter>Header Files</Filter>
    </ClInclude>
    <ClInclude Include="vendors\imgui\imstb_textedit.h">
      <Filter>Header Files</Filter>
    </ClInclude>
    <ClInclude Include="vendors\imgui\imstb_truetype.h">
      <Filter>Header Files</Filter>
    </ClInclude>
    <ClInclude Include="vendors\minhook\buffer.h">
      <Filter>Header Files</Filter>
    </ClInclude>
    <ClInclude Include="vendors\minhook\hde\hde32.h">
      <Filter>Header Files</Filter>
    </ClInclude>
    <ClInclude Include="vendors\minhook\hde\hde64.h">
      <Filter>Header Files</Filter>
    </ClInclude>
    <ClInclude Include="vendors\minhook\hde\pstdint.h">
      <Filter>Header Files</Filter>
    </ClInclude>
    <ClInclude Include="vendors\minhook\hde\table32.h">
      <Filter>Header Files</Filter>
    </ClInclude>
    <ClInclude Include="vendors\minhook\hde\table64.h">
      <Filter>Header Files</Filter>
    </ClInclude>
    <ClInclude Include="vendors\minhook\MinHook.h">
      <Filter>Header Files</Filter>
    </ClInclude>
    <ClInclude Include="vendors\minhook\trampoline.h">
      <Filter>Header Files</Filter>
    </ClInclude>
    <ClInclude Include="src\Cheat\Modules\Menu.h">
      <Filter>Header Files</Filter>
    </ClInclude>
    <ClInclude Include="src\Cheat\Modules\Misc\Armorswitcher.h">
      <Filter>Header Files</Filter>
    </ClInclude>
    <ClInclude Include="src\Cheat\Modules\Misc\Weapons.h">
      <Filter>Header Files</Filter>
    </ClInclude>
    <ClInclude Include="src\Cheat\Modules\Combat\SwordCheck.h">
      <Filter>Header Files</Filter>
    </ClInclude>
    <ClInclude Include="src\Globals.h">
      <Filter>Header Files</Filter>
    </ClInclude>
    <ClInclude Include="src\Cheat\Hooks\CoolveticaFont.h">
      <Filter>Header Files</Filter>
    </ClInclude>
    <ClInclude Include="src\debuglog.h">
      <Filter>Header Files</Filter>
    </ClInclude>
    <ClInclude Include="src\Cheat\Modules\Misc\Friends.h">
      <Filter>Header Files</Filter>
    </ClInclude>
    <ClInclude Include="src\Cheat\Modules\Misc\Enemies.h">
      <Filter>Header Files</Filter>
    </ClInclude>
    <ClInclude Include="src\Cheat\Modules\Misc\NoItemRelease.h">
      <Filter>Header Files</Filter>
    </ClInclude>
    <ClInclude Include="src\Cheat\Modules\Misc\AntiDebuff.h">
      <Filter>Header Files</Filter>
    </ClInclude>
    <ClInclude Include="src\Cheat\Modules\Misc\PingFix.h">
      <Filter>Header Files</Filter>
    </ClInclude>
    <ClInclude Include="src\Cheat\Modules\Misc\RightClicker.h">
      <Filter>Header Files</Filter>
    </ClInclude>
    <ClInclude Include="src\Cheat\Modules\Misc\BowBoost.h">
      <Filter>Header Files</Filter>
    </ClInclude>
    <ClInclude Include="src\Cheat\Modules\Misc\FastPlace.h">
      <Filter>Header Files</Filter>
    </ClInclude>
    <ClInclude Include="src\Cheat\Modules\Misc\FastBreak.h">
      <Filter>Header Files</Filter>
    </ClInclude>
    <ClInclude Include="src\Cheat\Modules\Misc\AutoTool.h">
      <Filter>Header Files</Filter>
    </ClInclude>
    <ClInclude Include="src\Cheat\Modules\Misc\ChestStealer.h">
      <Filter>Header Files</Filter>
    </ClInclude>
    <ClInclude Include="src\Cheat\Modules\Misc\InvManager.h">
      <Filter>Header Files</Filter>
    </ClInclude>
    <ClInclude Include="src\Cheat\Modules\Misc\BridgeAssist.h">
      <Filter>Header Files</Filter>
    </ClInclude>
    <ClInclude Include="src\Cheat\Modules\Misc\BlockIn.h">
      <Filter>Header Files</Filter>
    </ClInclude>
    <ClInclude Include="src\Cheat\Modules\Misc\Clutch.h">
      <Filter>Header Files</Filter>
    </ClInclude>
    <ClInclude Include="src\Cheat\Modules\Misc\TickLocker.h">
      <Filter>Header Files</Filter>
    </ClInclude>
    <ClInclude Include="src\Cheat\Modules\Misc\InvWalk.h">
      <Filter>Header Files</Filter>
    </ClInclude>
    <ClInclude Include="src\Cheat\Modules\Misc\FastStop.h">
      <Filter>Header Files</Filter>
    </ClInclude>
    <ClInclude Include="src\Cheat\Modules\Misc\NoJumpDelay.h">
      <Filter>Header Files</Filter>
    </ClInclude>
    <ClInclude Include="src\Cheat\Modules\Misc\QuickAccel.h">
      <Filter>Header Files</Filter>
    </ClInclude>
    <ClInclude Include="src\Cheat\Modules\Misc\SnapTap.h">
      <Filter>Header Files</Filter>
    </ClInclude>
    <ClInclude Include="src\Cheat\Modules\Misc\Sprint.h">
      <Filter>Header Files</Filter>
    </ClInclude>
    <ClInclude Include="src\Cheat\Modules\Misc\NoSlow.h">
      <Filter>Header Files</Filter>
    </ClInclude>
    <ClInclude Include="src\Cheat\Modules\Misc\Strafe.h">
      <Filter>Header Files</Filter>
    </ClInclude>
    <ClInclude Include="src\Cheat\Modules\Visuals\Notifications.h">
      <Filter>Header Files</Filter>
    </ClInclude>
    <ClInclude Include="src\Cheat\Modules\Visuals\Pointers.h">
      <Filter>Header Files</Filter>
    </ClInclude>
    <ClInclude Include="src\Cheat\Modules\Visuals\Indicators.h">
      <Filter>Header Files</Filter>
    </ClInclude>
    <ClInclude Include="src\Cheat\Modules\Visuals\NoHurtCam.h">
      <Filter>Header Files</Filter>
    </ClInclude>
    <ClInclude Include="src\Cheat\Modules\Combat\AutoRefill.h">
      <Filter>Header Files</Filter>
    </ClInclude>
    <ClInclude Include="src\Cheat\Modules\Combat\Throw.h">
      <Filter>Header Files</Filter>
    </ClInclude>
    <ClInclude Include="src\Cheat\Modules\Combat\KeepSprint.h">
      <Filter>Header Files</Filter>
    </ClInclude>
    <ClInclude Include="src\Cheat\Modules\Combat\Criticals.h">
      <Filter>Header Files</Filter>
    </ClInclude>
    <ClInclude Include="src\Cheat\Modules\Combat\SprintReset.h">
      <Filter>Header Files</Filter>
    </ClInclude>
    <ClInclude Include="src\Cheat\Modules\Combat\LagRange.h">
      <Filter>Header Files</Filter>
    </ClInclude>
    <ClInclude Include="src\Cheat\Modules\Combat\Reach.h">
      <Filter>Header Files</Filter>
    </ClInclude>
    <ClInclude Include="src\Cheat\Modules\Combat\Blink.h">
      <Filter>Header Files</Filter>
    </ClInclude>
    <ClInclude Include="src\Cheat\Modules\Combat\AutoRod.h">
      <Filter>Header Files</Filter>
    </ClInclude>
    <ClInclude Include="src\Cheat\Modules\Combat\AntiBot.h">
      <Filter>Header Files</Filter>
    </ClInclude>
    <ClInclude Include="src\Cheat\Modules\Combat\AutoBlock.h">
      <Filter>Header Files</Filter>
    </ClInclude>
    <ClInclude Include="src\Cheat\Modules\Combat\Backtrack.h">
      <Filter>Header Files</Filter>
    </ClInclude>
    <ClInclude Include="src\Cheat\Modules\Combat\AutoWeapon.h">
      <Filter>Header Files</Filter>
    </ClInclude>
  </ItemGroup>
  <ItemGroup>
    <ClCompile Include="pch.cpp">
      <Filter>Source Files</Filter>
    </ClCompile>
    <ClCompile Include="src\EntryPoint.cpp">
      <Filter>Source Files</Filter>
    </ClCompile>
    <ClCompile Include="src\Cheat\Hack.cpp">
      <Filter>Source Files</Filter>
    </ClCompile>
    <ClCompile Include="src\Cheat\Config.cpp">
      <Filter>Source Files</Filter>
    </ClCompile>
    <ClCompile Include="src\Cheat\Hooks\wglSwapBuffers.cpp">
      <Filter>Source Files</Filter>
    </ClCompile>
    <ClCompile Include="src\Cheat\Hooks\WSA.cpp">
      <Filter>Source Files</Filter>
    </ClCompile>
    <ClCompile Include="src\Cheat\Modules\Module.cpp">
      <Filter>Source Files</Filter>
    </ClCompile>
    <ClCompile Include="src\Cheat\Modules\Settings.cpp">
      <Filter>Source Files</Filter>
    </ClCompile>
    <ClCompile Include="src\Cheat\Modules\Combat\clicker.cpp">
      <Filter>Source Files</Filter>
    </ClCompile>
    <ClCompile Include="src\Cheat\Modules\Combat\aimassist.cpp">
      <Filter>Source Files</Filter>
    </ClCompile>
    <ClCompile Include="src\Cheat\Modules\Combat\velocity.cpp">
      <Filter>Source Files</Filter>
    </ClCompile>
    <ClCompile Include="src\Cheat\Modules\Misc\armor.cpp">
      <Filter>Source Files</Filter>
    </ClCompile>
    <ClCompile Include="src\Cheat\Modules\Misc\Scroll.cpp">
      <Filter>Source Files</Filter>
    </ClCompile>
    <ClCompile Include="src\Cheat\Modules\Visuals\arraylist.cpp">
      <Filter>Source Files</Filter>
    </ClCompile>
    <ClCompile Include="src\Cheat\Modules\Visuals\Chams.cpp">
      <Filter>Source Files</Filter>
    </ClCompile>
    <ClCompile Include="src\Cheat\Modules\Visuals\Esp.cpp">
      <Filter>Source Files</Filter>
    </ClCompile>
    <ClCompile Include="src\Cheat\Modules\Visuals\ItemEsp.cpp">
      <Filter>Source Files</Filter>
    </ClCompile>
    <ClCompile Include="src\Cheat\Modules\Visuals\PlayerEsp.cpp">
      <Filter>Source Files</Filter>
    </ClCompile>
    <ClCompile Include="src\Cheat\Modules\Visuals\StorageEsp.cpp">
      <Filter>Source Files</Filter>
    </ClCompile>
    <ClCompile Include="src\Cheat\Modules\Visuals\BlockEsp.cpp">
      <Filter>Source Files</Filter>
    </ClCompile>
    <ClCompile Include="src\Cheat\Modules\Visuals\Nametag.cpp">
      <Filter>Source Files</Filter>
    </ClCompile>
    <ClCompile Include="src\Cheat\Modules\Visuals\Tracer.cpp">
      <Filter>Source Files</Filter>
    </ClCompile>
    <ClCompile Include="src\Cheat\Modules\Visuals\Trajectories.cpp">
      <Filter>Source Files</Filter>
    </ClCompile>
    <ClCompile Include="src\Game\Field.cpp">
      <Filter>Source Files</Filter>
    </ClCompile>
    <ClCompile Include="src\Game\Klass.cpp">
      <Filter>Source Files</Filter>
    </ClCompile>
    <ClCompile Include="src\Game\Mapper.cpp">
      <Filter>Source Files</Filter>
    </ClCompile>
    <ClCompile Include="src\Game\Method.cpp">
      <Filter>Source Files</Filter>
    </ClCompile>
    <ClCompile Include="src\Game\Classes\ActiveRenderInfo.cpp">
      <Filter>Source Files</Filter>
    </ClCompile>
    <ClCompile Include="src\Game\Classes\AxisAlignedBB.cpp">
      <Filter>Source Files</Filter>
    </ClCompile>
    <ClCompile Include="src\Game\Classes\Block.cpp">
      <Filter>Source Files</Filter>
    </ClCompile>
    <ClCompile Include="src\Game\Classes\BlockPos.cpp">
      <Filter>Source Files</Filter>
    </ClCompile>
    <ClCompile Include="src\Game\Classes\FontRenderer.cpp">
      <Filter>Source Files</Filter>
    </ClCompile>
    <ClCompile Include="src\Game\Classes\GameSettings.cpp">
      <Filter>Source Files</Filter>
    </ClCompile>
    <ClCompile Include="src\Game\Classes\Gui.cpp">
      <Filter>Source Files</Filter>
    </ClCompile>
    <ClCompile Include="src\Game\Classes\GuiScreen.cpp">
      <Filter>Source Files</Filter>
    </ClCompile>
    <ClCompile Include="src\Game\Classes\InventoryPlayer.cpp">
      <Filter>Source Files</Filter>
    </ClCompile>
    <ClCompile Include="src\Game\Classes\ItemStack.cpp">
      <Filter>Source Files</Filter>
    </ClCompile>
    <ClCompile Include="src\Game\Classes\KeyBinding.cpp">
      <Filter>Source Files</Filter>
    </ClCompile>
    <ClCompile Include="src\Game\Classes\Minecraft.cpp">
      <Filter>Source Files</Filter>
    </ClCompile>
    <ClCompile Include="src\Game\Classes\MovingObjectPosition.cpp">
      <Filter>Source Files</Filter>
    </ClCompile>
    <ClCompile Include="src\Game\Classes\Player.cpp">
      <Filter>Source Files</Filter>
    </ClCompile>
    <ClCompile Include="src\Game\Classes\RenderManager.cpp">
      <Filter>Source Files</Filter>
    </ClCompile>
    <ClCompile Include="src\Game\Classes\Timer.cpp">
      <Filter>Source Files</Filter>
    </ClCompile>
    <ClCompile Include="src\Game\Classes\World.cpp">
      <Filter>Source Files</Filter>
    </ClCompile>
    <ClCompile Include="src\Helper\Communication.cpp">
      <Filter>Source Files</Filter>
    </ClCompile>
    <ClCompile Include="src\Helper\HookFunction.cpp">
      <Filter>Source Files</Filter>
    </ClCompile>
    <ClCompile Include="src\Helper\Memory.cpp">
      <Filter>Source Files</Filter>
    </ClCompile>
    <ClCompile Include="src\Helper\Utils.cpp">
      <Filter>Source Files</Filter>
    </ClCompile>
    <ClCompile Include="vendors\imgui\imgui.cpp">
      <Filter>Source Files</Filter>
    </ClCompile>
    <ClCompile Include="vendors\imgui\imgui_draw.cpp">
      <Filter>Source Files</Filter>
    </ClCompile>
    <ClCompile Include="vendors\imgui\imgui_impl_opengl2.cpp">
      <Filter>Source Files</Filter>
    </ClCompile>
    <ClCompile Include="vendors\imgui\imgui_tables.cpp">
      <Filter>Source Files</Filter>
    </ClCompile>
    <ClCompile Include="vendors\imgui\imgui_widgets.cpp">
      <Filter>Source Files</Filter>
    </ClCompile>
    <ClCompile Include="vendors\minhook\buffer.c">
      <Filter>Source Files</Filter>
    </ClCompile>
    <ClCompile Include="vendors\minhook\hde\hde32.c">
      <Filter>Source Files</Filter>
    </ClCompile>
    <ClCompile Include="vendors\minhook\hde\hde64.c">
      <Filter>Source Files</Filter>
    </ClCompile>
    <ClCompile Include="vendors\minhook\hook.c">
      <Filter>Source Files</Filter>
    </ClCompile>
    <ClCompile Include="vendors\minhook\trampoline.c">
      <Filter>Source Files</Filter>
    </ClCompile>
    <ClCompile Include="src\Cheat\Modules\Menu.cpp">
      <Filter>Source Files</Filter>
    </ClCompile>
    <ClCompile Include="src\Cheat\Modules\Misc\Armorswitcher.cpp">
      <Filter>Source Files</Filter>
    </ClCompile>
    <ClCompile Include="src\Cheat\Modules\Misc\Weapons.cpp">
      <Filter>Source Files</Filter>
    </ClCompile>
    <ClCompile Include="src\Cheat\Modules\Misc\Friends.cpp">
      <Filter>Source Files</Filter>
    </ClCompile>
    <ClCompile Include="src\Cheat\Modules\Misc\Enemies.cpp">
      <Filter>Source Files</Filter>
    </ClCompile>
    <ClCompile Include="src\Cheat\Modules\Misc\NoItemRelease.cpp">
      <Filter>Source Files</Filter>
    </ClCompile>
    <ClCompile Include="src\Cheat\Modules\Misc\AntiDebuff.cpp">
      <Filter>Source Files</Filter>
    </ClCompile>
    <ClCompile Include="src\Cheat\Modules\Misc\PingFix.cpp">
      <Filter>Source Files</Filter>
    </ClCompile>
    <ClCompile Include="src\Cheat\Modules\Misc\RightClicker.cpp">
      <Filter>Source Files</Filter>
    </ClCompile>
    <ClCompile Include="src\Cheat\Modules\Misc\BowBoost.cpp">
      <Filter>Source Files</Filter>
    </ClCompile>
    <ClCompile Include="src\Cheat\Modules\Misc\FastPlace.cpp">
      <Filter>Source Files</Filter>
    </ClCompile>
    <ClCompile Include="src\Cheat\Modules\Misc\FastBreak.cpp">
      <Filter>Source Files</Filter>
    </ClCompile>
    <ClCompile Include="src\Cheat\Modules\Misc\AutoTool.cpp">
      <Filter>Source Files</Filter>
    </ClCompile>
    <ClCompile Include="src\Cheat\Modules\Misc\ChestStealer.cpp">
      <Filter>Source Files</Filter>
    </ClCompile>
    <ClCompile Include="src\Cheat\Modules\Misc\InvManager.cpp">
      <Filter>Source Files</Filter>
    </ClCompile>
    <ClCompile Include="src\Cheat\Modules\Misc\BridgeAssist.cpp">
      <Filter>Source Files</Filter>
    </ClCompile>
    <ClCompile Include="src\Cheat\Modules\Misc\BlockIn.cpp">
      <Filter>Source Files</Filter>
    </ClCompile>
    <ClCompile Include="src\Cheat\Modules\Misc\Clutch.cpp">
      <Filter>Source Files</Filter>
    </ClCompile>
    <ClCompile Include="src\Cheat\Modules\Misc\TickLocker.cpp">
      <Filter>Source Files</Filter>
    </ClCompile>
    <ClCompile Include="src\Cheat\Modules\Misc\InvWalk.cpp">
      <Filter>Source Files</Filter>
    </ClCompile>
    <ClCompile Include="src\Cheat\Modules\Misc\FastStop.cpp">
      <Filter>Source Files</Filter>
    </ClCompile>
    <ClCompile Include="src\Cheat\Modules\Misc\NoJumpDelay.cpp">
      <Filter>Source Files</Filter>
    </ClCompile>
    <ClCompile Include="src\Cheat\Modules\Misc\QuickAccel.cpp">
      <Filter>Source Files</Filter>
    </ClCompile>
    <ClCompile Include="src\Cheat\Modules\Misc\SnapTap.cpp">
      <Filter>Source Files</Filter>
    </ClCompile>
    <ClCompile Include="src\Cheat\Modules\Misc\Sprint.cpp">
      <Filter>Source Files</Filter>
    </ClCompile>
    <ClCompile Include="src\Cheat\Modules\Misc\NoSlow.cpp">
      <Filter>Source Files</Filter>
    </ClCompile>
    <ClCompile Include="src\Cheat\Modules\Misc\Strafe.cpp">
      <Filter>Source Files</Filter>
    </ClCompile>
    <ClCompile Include="src\Cheat\Modules\Visuals\Notifications.cpp">
      <Filter>Source Files</Filter>
    </ClCompile>
    <ClCompile Include="src\Cheat\Modules\Visuals\Pointers.cpp">
      <Filter>Source Files</Filter>
    </ClCompile>
    <ClCompile Include="src\Cheat\Modules\Visuals\Indicators.cpp">
      <Filter>Source Files</Filter>
    </ClCompile>
    <ClCompile Include="src\Cheat\Modules\Visuals\NoHurtCam.cpp">
      <Filter>Source Files</Filter>
    </ClCompile>
    <ClCompile Include="src\Cheat\Modules\Combat\AutoRefill.cpp">
      <Filter>Source Files</Filter>
    </ClCompile>
    <ClCompile Include="src\Cheat\Modules\Combat\Throw.cpp">
      <Filter>Source Files</Filter>
    </ClCompile>
    <ClCompile Include="src\Cheat\Modules\Combat\KeepSprint.cpp">
      <Filter>Source Files</Filter>
    </ClCompile>
    <ClCompile Include="src\Cheat\Modules\Combat\Criticals.cpp">
      <Filter>Source Files</Filter>
    </ClCompile>
    <ClCompile Include="src\Cheat\Modules\Combat\SprintReset.cpp">
      <Filter>Source Files</Filter>
    </ClCompile>
    <ClCompile Include="src\Cheat\Modules\Combat\LagRange.cpp">
      <Filter>Source Files</Filter>
    </ClCompile>
    <ClCompile Include="src\Cheat\Modules\Combat\Reach.cpp">
      <Filter>Source Files</Filter>
    </ClCompile>
    <ClCompile Include="src\Cheat\Modules\Combat\Blink.cpp">
      <Filter>Source Files</Filter>
    </ClCompile>
    <ClCompile Include="src\Cheat\Modules\Combat\AutoRod.cpp">
      <Filter>Source Files</Filter>
    </ClCompile>
    <ClCompile Include="src\Cheat\Modules\Combat\AntiBot.cpp">
      <Filter>Source Files</Filter>
    </ClCompile>
    <ClCompile Include="src\Cheat\Modules\Combat\AutoBlock.cpp">
      <Filter>Source Files</Filter>
    </ClCompile>
    <ClCompile Include="src\Cheat\Modules\Combat\Backtrack.cpp">
      <Filter>Source Files</Filter>
    </ClCompile>
    <ClCompile Include="src\Cheat\Modules\Combat\AutoWeapon.cpp">
      <Filter>Source Files</Filter>
    </ClCompile>
  </ItemGroup>
</Project>
